
Microsoft Visual Studio Solution File, Format Version 12.00
# Visual Studio 15
VisualStudioVersion = 15.0.28307.1062
MinimumVisualStudioVersion = 10.0.40219.1
Project("{E24C65DC-7377-472B-9ABA-BC803B73C61A}") = "presentation", "presentation\", "{2B32787A-7D54-498F-A4D5-C1220CA2958A}"
	ProjectSection(WebsiteProperties) = preProject
		TargetFrameworkMoniker = ".NETFramework,Version%3Dv4.6.1"
		Debug.AspNetCompiler.VirtualPath = "/localhost_57219"
		Debug.AspNetCompiler.PhysicalPath = "presentation\"
		Debug.AspNetCompiler.TargetPath = "PrecompiledWeb\localhost_57219\"
		Debug.AspNetCompiler.Updateable = "true"
		Debug.AspNetCompiler.ForceOverwrite = "true"
		Debug.AspNetCompiler.FixedNames = "false"
		Debug.AspNetCompiler.Debug = "True"
		Release.AspNetCompiler.VirtualPath = "/localhost_57219"
		Release.AspNetCompiler.PhysicalPath = "presentation\"
		Release.AspNetCompiler.TargetPath = "PrecompiledWeb\localhost_57219\"
		Release.AspNetCompiler.Updateable = "true"
		Release.AspNetCompiler.ForceOverwrite = "true"
		Release.AspNetCompiler.FixedNames = "false"
		Release.AspNetCompiler.Debug = "False"
		VWDPort = "57219"
		SlnRelativePath = "presentation\"
		DefaultWebSiteLanguage = "Visual C#"
	EndProjectSection
EndProject
Global
	GlobalSection(SolutionConfigurationPlatforms) = preSolution
		Debug|Any CPU = Debug|Any CPU
	EndGlobalSection
	GlobalSection(ProjectConfigurationPlatforms) = postSolution
		{2B32787A-7D54-498F-A4D5-C1220CA2958A}.Debug|Any CPU.ActiveCfg = Debug|Any CPU
		{2B32787A-7D54-498F-A4D5-C1220CA2958A}.Debug|Any CPU.Build.0 = Debug|Any CPU
	EndGlobalSection
	GlobalSection(SolutionProperties) = preSolution
		HideSolutionNode = FALSE
	EndGlobalSection
	GlobalSection(ExtensibilityGlobals) = postSolution
		SolutionGuid = {584E9B3B-A285-490D-811E-9A0A84E30648}
	EndGlobalSection
EndGlobal
